{
  "name": "pi-camera-connect-test",
  "version": "1.0.0",
  "lockfileVersion": 1,
  "requires": true,
  "dependencies": {
    "pi-camera-connect": {
      "version": "0.2.0",
      "resolved": "https://registry.npmjs.org/pi-camera-connect/-/pi-camera-connect-0.2.0.tgz",
      "integrity": "sha512-ApPmTDNn/PAfAtkW3p+7NWONMesmoDa6aIZ4pAXYYjpaRbPWusPjREgLcyzEn7HJFGtq39I0JuZTC8OYa19bWQ=="
    }
  }
}
